
Microsoft Visual Studio Solution File, Format Version 12.00
# Visual Studio Version 17
VisualStudioVersion = 17.9.34310.174
MinimumVisualStudioVersion = 10.0.40219.1
Project("{9A19103F-16F7-4668-BE54-9A1E7A4F7556}") = "WpfBlazor", "WpfBlazor\WpfBlazor.csproj", "{56145FFE-883B-420E-9CE5-024D04CAE5D2}"
EndProject
Project("{FAE04EC0-301F-11D3-BF4B-00C04F79EFBC}") = "SignBlazor", "SignBlazor\SignBlazor\SignBlazor.csproj", "{8C820450-C438-4A8B-98D9-B6726E84C081}"
EndProject
Project("{FAE04EC0-301F-11D3-BF4B-00C04F79EFBC}") = "SignBlazor.Client", "SignBlazor\SignBlazor.Client\SignBlazor.Client.csproj", "{09870779-BC57-4C72-8DB1-BFBD5FD16E7D}"
EndProject
Project("{2150E333-8FDC-42A3-9474-1A3956D46DE8}") = "Sign", "Sign", "{08D52E96-FF79-4341-8ADE-A45E0C791706}"
EndProject
Global
	GlobalSection(SolutionConfigurationPlatforms) = preSolution
		Debug|Any CPU = Debug|Any CPU
		Release|Any CPU = Release|Any CPU
	EndGlobalSection
	GlobalSection(ProjectConfigurationPlatforms) = postSolution
		{56145FFE-883B-420E-9CE5-024D04CAE5D2}.Debug|Any CPU.ActiveCfg = Debug|Any CPU
		{56145FFE-883B-420E-9CE5-024D04CAE5D2}.Debug|Any CPU.Build.0 = Debug|Any CPU
		{56145FFE-883B-420E-9CE5-024D04CAE5D2}.Release|Any CPU.ActiveCfg = Release|Any CPU
		{56145FFE-883B-420E-9CE5-024D04CAE5D2}.Release|Any CPU.Build.0 = Release|Any CPU
		{8C820450-C438-4A8B-98D9-B6726E84C081}.Debug|Any CPU.ActiveCfg = Debug|Any CPU
		{8C820450-C438-4A8B-98D9-B6726E84C081}.Debug|Any CPU.Build.0 = Debug|Any CPU
		{8C820450-C438-4A8B-98D9-B6726E84C081}.Release|Any CPU.ActiveCfg = Release|Any CPU
		{8C820450-C438-4A8B-98D9-B6726E84C081}.Release|Any CPU.Build.0 = Release|Any CPU
		{09870779-BC57-4C72-8DB1-BFBD5FD16E7D}.Debug|Any CPU.ActiveCfg = Debug|Any CPU
		{09870779-BC57-4C72-8DB1-BFBD5FD16E7D}.Debug|Any CPU.Build.0 = Debug|Any CPU
		{09870779-BC57-4C72-8DB1-BFBD5FD16E7D}.Release|Any CPU.ActiveCfg = Release|Any CPU
		{09870779-BC57-4C72-8DB1-BFBD5FD16E7D}.Release|Any CPU.Build.0 = Release|Any CPU
	EndGlobalSection
	GlobalSection(SolutionProperties) = preSolution
		HideSolutionNode = FALSE
	EndGlobalSection
	GlobalSection(NestedProjects) = preSolution
		{8C820450-C438-4A8B-98D9-B6726E84C081} = {08D52E96-FF79-4341-8ADE-A45E0C791706}
		{09870779-BC57-4C72-8DB1-BFBD5FD16E7D} = {08D52E96-FF79-4341-8ADE-A45E0C791706}
	EndGlobalSection
	GlobalSection(ExtensibilityGlobals) = postSolution
		SolutionGuid = {AE6FFDF1-CC3D-45D8-9390-1CA25663E285}
	EndGlobalSection
EndGlobal
